
Microsoft Visual Studio Solution File, Format Version 12.00
# Visual Studio Version 16
VisualStudioVersion = 16.0.30223.230
MinimumVisualStudioVersion = 10.0.40219.1
Project("{9A19103F-16F7-4668-BE54-9A1E7A4F7556}") = "July8thExamples", "July8thExamples\July8thExamples.csproj", "{5A29081C-A8B8-4BF5-9C4C-493FBA39D3B8}"
EndProject
Project("{9A19103F-16F7-4668-BE54-9A1E7A4F7556}") = "July9ThExamples", "July9ThExamples\July9ThExamples.csproj", "{A3E71FC7-E735-4E8E-8152-FAD743C0830D}"
EndProject
Project("{9A19103F-16F7-4668-BE54-9A1E7A4F7556}") = "July13thMethodExamples", "July13thMethodExamples\July13thMethodExamples.csproj", "{7AD4CCFC-B5F1-4A71-93B6-D746086CFCE6}"
EndProject
Project("{9A19103F-16F7-4668-BE54-9A1E7A4F7556}") = "July15thStringExamples", "July15thStringExamples\July15thStringExamples.csproj", "{215942BF-B4C8-47CC-BFF2-E8D0FE86E393}"
EndProject
Project("{9A19103F-16F7-4668-BE54-9A1E7A4F7556}") = "July16thExceptionsExamples", "July16thExceptionsExamples\July16thExceptionsExamples.csproj", "{DC9AD9A8-57DA-4BAD-8634-E829D805B8ED}"
EndProject
Project("{9A19103F-16F7-4668-BE54-9A1E7A4F7556}") = "July20thTestingExamples", "July20thTestingExamples\July20thTestingExamples.csproj", "{78664A6E-EE8F-4384-BA4A-EBC4C43C5B3E}"
EndProject
Project("{9A19103F-16F7-4668-BE54-9A1E7A4F7556}") = "XUnitExamples", "XUnitExamples\XUnitExamples.csproj", "{0003D952-0498-4176-9223-96C5AFD61E41}"
EndProject
Project("{9A19103F-16F7-4668-BE54-9A1E7A4F7556}") = "NUnitExamples", "NUnitExamples\NUnitExamples.csproj", "{20E21730-4408-4155-8B8A-6A7EA0DFD371}"
EndProject
Project("{9A19103F-16F7-4668-BE54-9A1E7A4F7556}") = "AssesmentOneReview", "AssesmentOneReview\AssesmentOneReview.csproj", "{68276189-8E34-4EA0-9F5E-2529FADCED9A}"
EndProject
Project("{9A19103F-16F7-4668-BE54-9A1E7A4F7556}") = "July23rdExamples", "July23rdExamples\July23rdExamples.csproj", "{1721DEA4-492D-46D8-8E6C-5866DB0274CC}"
EndProject
Project("{FAE04EC0-301F-11D3-BF4B-00C04F79EFBC}") = "July27thCollectionExamples", "July27thCollectionExamples\July27thCollectionExamples.csproj", "{1758A66B-151F-4CD3-A849-E6B2297AC1E7}"
EndProject
Global
	GlobalSection(SolutionConfigurationPlatforms) = preSolution
		Debug|Any CPU = Debug|Any CPU
		Release|Any CPU = Release|Any CPU
	EndGlobalSection
	GlobalSection(ProjectConfigurationPlatforms) = postSolution
		{5A29081C-A8B8-4BF5-9C4C-493FBA39D3B8}.Debug|Any CPU.ActiveCfg = Debug|Any CPU
		{5A29081C-A8B8-4BF5-9C4C-493FBA39D3B8}.Debug|Any CPU.Build.0 = Debug|Any CPU
		{5A29081C-A8B8-4BF5-9C4C-493FBA39D3B8}.Release|Any CPU.ActiveCfg = Release|Any CPU
		{5A29081C-A8B8-4BF5-9C4C-493FBA39D3B8}.Release|Any CPU.Build.0 = Release|Any CPU
		{A3E71FC7-E735-4E8E-8152-FAD743C0830D}.Debug|Any CPU.ActiveCfg = Debug|Any CPU
		{A3E71FC7-E735-4E8E-8152-FAD743C0830D}.Debug|Any CPU.Build.0 = Debug|Any CPU
		{A3E71FC7-E735-4E8E-8152-FAD743C0830D}.Release|Any CPU.ActiveCfg = Release|Any CPU
		{A3E71FC7-E735-4E8E-8152-FAD743C0830D}.Release|Any CPU.Build.0 = Release|Any CPU
		{7AD4CCFC-B5F1-4A71-93B6-D746086CFCE6}.Debug|Any CPU.ActiveCfg = Debug|Any CPU
		{7AD4CCFC-B5F1-4A71-93B6-D746086CFCE6}.Debug|Any CPU.Build.0 = Debug|Any CPU
		{7AD4CCFC-B5F1-4A71-93B6-D746086CFCE6}.Release|Any CPU.ActiveCfg = Release|Any CPU
		{7AD4CCFC-B5F1-4A71-93B6-D746086CFCE6}.Release|Any CPU.Build.0 = Release|Any CPU
		{215942BF-B4C8-47CC-BFF2-E8D0FE86E393}.Debug|Any CPU.ActiveCfg = Debug|Any CPU
		{215942BF-B4C8-47CC-BFF2-E8D0FE86E393}.Debug|Any CPU.Build.0 = Debug|Any CPU
		{215942BF-B4C8-47CC-BFF2-E8D0FE86E393}.Release|Any CPU.ActiveCfg = Release|Any CPU
		{215942BF-B4C8-47CC-BFF2-E8D0FE86E393}.Release|Any CPU.Build.0 = Release|Any CPU
		{DC9AD9A8-57DA-4BAD-8634-E829D805B8ED}.Debug|Any CPU.ActiveCfg = Debug|Any CPU
		{DC9AD9A8-57DA-4BAD-8634-E829D805B8ED}.Debug|Any CPU.Build.0 = Debug|Any CPU
		{DC9AD9A8-57DA-4BAD-8634-E829D805B8ED}.Release|Any CPU.ActiveCfg = Release|Any CPU
		{DC9AD9A8-57DA-4BAD-8634-E829D805B8ED}.Release|Any CPU.Build.0 = Release|Any CPU
		{78664A6E-EE8F-4384-BA4A-EBC4C43C5B3E}.Debug|Any CPU.ActiveCfg = Debug|Any CPU
		{78664A6E-EE8F-4384-BA4A-EBC4C43C5B3E}.Debug|Any CPU.Build.0 = Debug|Any CPU
		{78664A6E-EE8F-4384-BA4A-EBC4C43C5B3E}.Release|Any CPU.ActiveCfg = Release|Any CPU
		{78664A6E-EE8F-4384-BA4A-EBC4C43C5B3E}.Release|Any CPU.Build.0 = Release|Any CPU
		{0003D952-0498-4176-9223-96C5AFD61E41}.Debug|Any CPU.ActiveCfg = Debug|Any CPU
		{0003D952-0498-4176-9223-96C5AFD61E41}.Debug|Any CPU.Build.0 = Debug|Any CPU
		{0003D952-0498-4176-9223-96C5AFD61E41}.Release|Any CPU.ActiveCfg = Release|Any CPU
		{0003D952-0498-4176-9223-96C5AFD61E41}.Release|Any CPU.Build.0 = Release|Any CPU
		{20E21730-4408-4155-8B8A-6A7EA0DFD371}.Debug|Any CPU.ActiveCfg = Debug|Any CPU
		{20E21730-4408-4155-8B8A-6A7EA0DFD371}.Debug|Any CPU.Build.0 = Debug|Any CPU
		{20E21730-4408-4155-8B8A-6A7EA0DFD371}.Release|Any CPU.ActiveCfg = Release|Any CPU
		{20E21730-4408-4155-8B8A-6A7EA0DFD371}.Release|Any CPU.Build.0 = Release|Any CPU
		{68276189-8E34-4EA0-9F5E-2529FADCED9A}.Debug|Any CPU.ActiveCfg = Debug|Any CPU
		{68276189-8E34-4EA0-9F5E-2529FADCED9A}.Debug|Any CPU.Build.0 = Debug|Any CPU
		{68276189-8E34-4EA0-9F5E-2529FADCED9A}.Release|Any CPU.ActiveCfg = Release|Any CPU
		{68276189-8E34-4EA0-9F5E-2529FADCED9A}.Release|Any CPU.Build.0 = Release|Any CPU
		{1721DEA4-492D-46D8-8E6C-5866DB0274CC}.Debug|Any CPU.ActiveCfg = Debug|Any CPU
		{1721DEA4-492D-46D8-8E6C-5866DB0274CC}.Debug|Any CPU.Build.0 = Debug|Any CPU
		{1721DEA4-492D-46D8-8E6C-5866DB0274CC}.Release|Any CPU.ActiveCfg = Release|Any CPU
		{1721DEA4-492D-46D8-8E6C-5866DB0274CC}.Release|Any CPU.Build.0 = Release|Any CPU
		{1758A66B-151F-4CD3-A849-E6B2297AC1E7}.Debug|Any CPU.ActiveCfg = Debug|Any CPU
		{1758A66B-151F-4CD3-A849-E6B2297AC1E7}.Debug|Any CPU.Build.0 = Debug|Any CPU
		{1758A66B-151F-4CD3-A849-E6B2297AC1E7}.Release|Any CPU.ActiveCfg = Release|Any CPU
		{1758A66B-151F-4CD3-A849-E6B2297AC1E7}.Release|Any CPU.Build.0 = Release|Any CPU
	EndGlobalSection
	GlobalSection(SolutionProperties) = preSolution
		HideSolutionNode = FALSE
	EndGlobalSection
	GlobalSection(ExtensibilityGlobals) = postSolution
		SolutionGuid = {DC0E220A-7F05-4390-AD0F-86CE05A5E8DA}
	EndGlobalSection
EndGlobal
