
Microsoft Visual Studio Solution File, Format Version 12.00
# Visual Studio Version 16
VisualStudioVersion = 16.0.30223.230
MinimumVisualStudioVersion = 10.0.40219.1
Project("{9A19103F-16F7-4668-BE54-9A1E7A4F7556}") = "July8thExamples", "July8thExamples\July8thExamples.csproj", "{5A29081C-A8B8-4BF5-9C4C-493FBA39D3B8}"
EndProject
Project("{9A19103F-16F7-4668-BE54-9A1E7A4F7556}") = "July9ThExamples", "July9ThExamples\July9ThExamples.csproj", "{A3E71FC7-E735-4E8E-8152-FAD743C0830D}"
EndProject
Project("{9A19103F-16F7-4668-BE54-9A1E7A4F7556}") = "July13thMethodExamples", "July13thMethodExamples\July13thMethodExamples.csproj", "{7AD4CCFC-B5F1-4A71-93B6-D746086CFCE6}"
EndProject
Project("{9A19103F-16F7-4668-BE54-9A1E7A4F7556}") = "July15thStringExamples", "July15thStringExamples\July15thStringExamples.csproj", "{215942BF-B4C8-47CC-BFF2-E8D0FE86E393}"
EndProject
Project("{9A19103F-16F7-4668-BE54-9A1E7A4F7556}") = "July16thExceptionsExamples", "July16thExceptionsExamples\July16thExceptionsExamples.csproj", "{DC9AD9A8-57DA-4BAD-8634-E829D805B8ED}"
EndProject
Project("{9A19103F-16F7-4668-BE54-9A1E7A4F7556}") = "July20thTestingExamples", "July20thTestingExamples\July20thTestingExamples.csproj", "{78664A6E-EE8F-4384-BA4A-EBC4C43C5B3E}"
EndProject
Project("{9A19103F-16F7-4668-BE54-9A1E7A4F7556}") = "XUnitExamples", "XUnitExamples\XUnitExamples.csproj", "{0003D952-0498-4176-9223-96C5AFD61E41}"
EndProject
Project("{9A19103F-16F7-4668-BE54-9A1E7A4F7556}") = "NUnitExamples", "NUnitExamples\NUnitExamples.csproj", "{20E21730-4408-4155-8B8A-6A7EA0DFD371}"
EndProject
Project("{9A19103F-16F7-4668-BE54-9A1E7A4F7556}") = "AssesmentOneReview", "AssesmentOneReview\AssesmentOneReview.csproj", "{68276189-8E34-4EA0-9F5E-2529FADCED9A}"
EndProject
Project("{9A19103F-16F7-4668-BE54-9A1E7A4F7556}") = "July23rdExamples", "July23rdExamples\July23rdExamples.csproj", "{1721DEA4-492D-46D8-8E6C-5866DB0274CC}"
EndProject
Project("{9A19103F-16F7-4668-BE54-9A1E7A4F7556}") = "July27thCollectionExamples", "July27thCollectionExamples\July27thCollectionExamples.csproj", "{1758A66B-151F-4CD3-A849-E6B2297AC1E7}"
EndProject
Project("{9A19103F-16F7-4668-BE54-9A1E7A4F7556}") = "July29ThExamples", "July29ThExamples\July29ThExamples.csproj", "{FFF80805-6CAB-4D8D-9FB8-1B51A0288CD3}"
EndProject
Project("{9A19103F-16F7-4668-BE54-9A1E7A4F7556}") = "July30ThExamples", "July30ThExamples\July30ThExamples.csproj", "{83AB1D8C-3CBA-49AE-A0CF-6DCF178BE0D2}"
EndProject
Project("{2150E333-8FDC-42A3-9474-1A3956D46DE8}") = "July", "July", "{4FC3C690-390F-4839-9F93-3B014C71CD5A}"
EndProject
Project("{2150E333-8FDC-42A3-9474-1A3956D46DE8}") = "August", "August", "{A46B61A9-B246-4038-B17F-BFF64F1418A3}"
EndProject
Project("{9A19103F-16F7-4668-BE54-9A1E7A4F7556}") = "August3rdExamples", "August3rdExamples\August3rdExamples.csproj", "{1B10807F-2411-4FE0-A51E-A54579623A3D}"
EndProject
Project("{9A19103F-16F7-4668-BE54-9A1E7A4F7556}") = "August3rdAbstractExample", "August3rdAbstractExample\August3rdAbstractExample.csproj", "{66C19DC4-4CEE-4D80-A7D3-919305CDA663}"
EndProject
Project("{9A19103F-16F7-4668-BE54-9A1E7A4F7556}") = "August5thInterfaceExample", "August5thInterfaceExample\August5thInterfaceExample.csproj", "{F756059B-424A-486B-BEB7-299C497AA209}"
EndProject
Project("{9A19103F-16F7-4668-BE54-9A1E7A4F7556}") = "August6thExamples", "August6thExamples\August6thExamples.csproj", "{2530ED59-2D1E-4C14-8C86-E2E3A3C38719}"
EndProject
Project("{9A19103F-16F7-4668-BE54-9A1E7A4F7556}") = "August10thI.OExamples", "August10thI.OExamples\August10thI.OExamples.csproj", "{5443782B-85A3-49E3-AE78-796FC9A94D7F}"
EndProject
Project("{9A19103F-16F7-4668-BE54-9A1E7A4F7556}") = "August12thRockPaperScissors", "August12thRockPaperScissors\August12thRockPaperScissors.csproj", "{854E58ED-9D6F-442A-821B-A270551D63F6}"
EndProject
Project("{9A19103F-16F7-4668-BE54-9A1E7A4F7556}") = "August12thExamPrep", "August12thExamPrep\August12thExamPrep.csproj", "{F4CD53A1-3B03-4880-9D96-6E12F7659522}"
EndProject
Project("{9A19103F-16F7-4668-BE54-9A1E7A4F7556}") = "August13thExamples", "August13thExamples\August13thExamples.csproj", "{F4B47D3A-BE2E-47F3-B9E4-DA846D0F34EB}"
EndProject
Project("{2150E333-8FDC-42A3-9474-1A3956D46DE8}") = "September", "September", "{C0ABCE8C-09F9-4DE8-B1DE-2BBB9C3907AB}"
EndProject
Project("{FAE04EC0-301F-11D3-BF4B-00C04F79EFBC}") = "September2ndExamples", "September2ndExamples\September2ndExamples.csproj", "{F42C7EF6-FD0E-4D1A-BDA3-8FBB9BEC6EDC}"
EndProject
Project("{FAE04EC0-301F-11D3-BF4B-00C04F79EFBC}") = "September9thMockAssement3", "September2ndExamples\September9thMockAssement3\September9thMockAssement3.csproj", "{E0C08410-56B4-4DA8-B104-9B343EA0700C}"
EndProject
Project("{FAE04EC0-301F-11D3-BF4B-00C04F79EFBC}") = "September9thAssessment3Review", "September2ndExamples\September9thAssessment3Review\September9thAssessment3Review.csproj", "{B67C31C1-F6D3-4504-9690-7DB7087EC702}"
EndProject
Project("{FAE04EC0-301F-11D3-BF4B-00C04F79EFBC}") = "September10thTDDExample", "September2ndExamples\September10thTDDExample\September10thTDDExample.csproj", "{A04105B3-6B1D-4F8D-9FCF-40A9F774F60E}"
EndProject
Project("{FAE04EC0-301F-11D3-BF4B-00C04F79EFBC}") = "September10thTDDExampleTests", "September2ndExamples\September10thTDDExampleTests\September10thTDDExampleTests.csproj", "{2FD47FDB-708C-436A-B5D1-520AFE77242F}"
EndProject
Project("{2150E333-8FDC-42A3-9474-1A3956D46DE8}") = "October", "October", "{A3E477C3-DEFD-4D37-90A6-DC419968304B}"
EndProject
Project("{9A19103F-16F7-4668-BE54-9A1E7A4F7556}") = "October1stCalculatorWebApp", "October1stCalculatorWebApp\October1stCalculatorWebApp.csproj", "{4ACC49F3-BBFC-48BD-A691-A05249C9F595}"
EndProject
Project("{9A19103F-16F7-4668-BE54-9A1E7A4F7556}") = "October1stAspNetCalculatorStep1", "October1stAspNetCalculatorStep1\October1stAspNetCalculatorStep1.csproj", "{D55F37F7-3F1E-4B92-93D2-C07C7C15BB09}"
EndProject
Project("{9A19103F-16F7-4668-BE54-9A1E7A4F7556}") = "October7thDependencyInjection", "October7thDependencyInjection\October7thDependencyInjection.csproj", "{36C23FB5-5AFB-437E-8D93-D3CCCCA88AF1}"
EndProject
Project("{9A19103F-16F7-4668-BE54-9A1E7A4F7556}") = "October7thMiddleware", "October7thMiddleware\October7thMiddleware.csproj", "{1C1932C9-7198-4B40-9408-9B95B29C8568}"
EndProject
Project("{9A19103F-16F7-4668-BE54-9A1E7A4F7556}") = "October8thModelValidation", "October8thModelValidation\October8thModelValidation.csproj", "{958E179C-5971-4ED5-AF31-E31255E60B2F}"
EndProject
Project("{FAE04EC0-301F-11D3-BF4B-00C04F79EFBC}") = "October8thStateManagement", "October8thStateManagement\October8thStateManagement.csproj", "{312F1144-8CFD-4F8D-9FB5-B4EE9506C775}"
EndProject
Project("{9A19103F-16F7-4668-BE54-9A1E7A4F7556}") = "Assessment5Review", "Assessment5Review\Assessment5Review.csproj", "{3330F2AF-A333-4974-B196-B5D5AC060726}"
EndProject
Project("{9A19103F-16F7-4668-BE54-9A1E7A4F7556}") = "October15thEFCore", "October15thEFCore\October15thEFCore.csproj", "{C80C4D06-C698-4290-8C00-344E09484EAF}"
EndProject
Project("{FAE04EC0-301F-11D3-BF4B-00C04F79EFBC}") = "October21stEFCoreCodeFirst", "October21stEFCoreCodeFirst\October21stEFCoreCodeFirst.csproj", "{4B5AF480-A1B7-4583-888E-D4412449B44E}"
EndProject
Global
	GlobalSection(SolutionConfigurationPlatforms) = preSolution
		Debug|Any CPU = Debug|Any CPU
		Release|Any CPU = Release|Any CPU
	EndGlobalSection
	GlobalSection(ProjectConfigurationPlatforms) = postSolution
		{5A29081C-A8B8-4BF5-9C4C-493FBA39D3B8}.Debug|Any CPU.ActiveCfg = Debug|Any CPU
		{5A29081C-A8B8-4BF5-9C4C-493FBA39D3B8}.Debug|Any CPU.Build.0 = Debug|Any CPU
		{5A29081C-A8B8-4BF5-9C4C-493FBA39D3B8}.Release|Any CPU.ActiveCfg = Release|Any CPU
		{5A29081C-A8B8-4BF5-9C4C-493FBA39D3B8}.Release|Any CPU.Build.0 = Release|Any CPU
		{A3E71FC7-E735-4E8E-8152-FAD743C0830D}.Debug|Any CPU.ActiveCfg = Debug|Any CPU
		{A3E71FC7-E735-4E8E-8152-FAD743C0830D}.Debug|Any CPU.Build.0 = Debug|Any CPU
		{A3E71FC7-E735-4E8E-8152-FAD743C0830D}.Release|Any CPU.ActiveCfg = Release|Any CPU
		{A3E71FC7-E735-4E8E-8152-FAD743C0830D}.Release|Any CPU.Build.0 = Release|Any CPU
		{7AD4CCFC-B5F1-4A71-93B6-D746086CFCE6}.Debug|Any CPU.ActiveCfg = Debug|Any CPU
		{7AD4CCFC-B5F1-4A71-93B6-D746086CFCE6}.Debug|Any CPU.Build.0 = Debug|Any CPU
		{7AD4CCFC-B5F1-4A71-93B6-D746086CFCE6}.Release|Any CPU.ActiveCfg = Release|Any CPU
		{7AD4CCFC-B5F1-4A71-93B6-D746086CFCE6}.Release|Any CPU.Build.0 = Release|Any CPU
		{215942BF-B4C8-47CC-BFF2-E8D0FE86E393}.Debug|Any CPU.ActiveCfg = Debug|Any CPU
		{215942BF-B4C8-47CC-BFF2-E8D0FE86E393}.Debug|Any CPU.Build.0 = Debug|Any CPU
		{215942BF-B4C8-47CC-BFF2-E8D0FE86E393}.Release|Any CPU.ActiveCfg = Release|Any CPU
		{215942BF-B4C8-47CC-BFF2-E8D0FE86E393}.Release|Any CPU.Build.0 = Release|Any CPU
		{DC9AD9A8-57DA-4BAD-8634-E829D805B8ED}.Debug|Any CPU.ActiveCfg = Debug|Any CPU
		{DC9AD9A8-57DA-4BAD-8634-E829D805B8ED}.Debug|Any CPU.Build.0 = Debug|Any CPU
		{DC9AD9A8-57DA-4BAD-8634-E829D805B8ED}.Release|Any CPU.ActiveCfg = Release|Any CPU
		{DC9AD9A8-57DA-4BAD-8634-E829D805B8ED}.Release|Any CPU.Build.0 = Release|Any CPU
		{78664A6E-EE8F-4384-BA4A-EBC4C43C5B3E}.Debug|Any CPU.ActiveCfg = Debug|Any CPU
		{78664A6E-EE8F-4384-BA4A-EBC4C43C5B3E}.Debug|Any CPU.Build.0 = Debug|Any CPU
		{78664A6E-EE8F-4384-BA4A-EBC4C43C5B3E}.Release|Any CPU.ActiveCfg = Release|Any CPU
		{78664A6E-EE8F-4384-BA4A-EBC4C43C5B3E}.Release|Any CPU.Build.0 = Release|Any CPU
		{0003D952-0498-4176-9223-96C5AFD61E41}.Debug|Any CPU.ActiveCfg = Debug|Any CPU
		{0003D952-0498-4176-9223-96C5AFD61E41}.Debug|Any CPU.Build.0 = Debug|Any CPU
		{0003D952-0498-4176-9223-96C5AFD61E41}.Release|Any CPU.ActiveCfg = Release|Any CPU
		{0003D952-0498-4176-9223-96C5AFD61E41}.Release|Any CPU.Build.0 = Release|Any CPU
		{20E21730-4408-4155-8B8A-6A7EA0DFD371}.Debug|Any CPU.ActiveCfg = Debug|Any CPU
		{20E21730-4408-4155-8B8A-6A7EA0DFD371}.Debug|Any CPU.Build.0 = Debug|Any CPU
		{20E21730-4408-4155-8B8A-6A7EA0DFD371}.Release|Any CPU.ActiveCfg = Release|Any CPU
		{20E21730-4408-4155-8B8A-6A7EA0DFD371}.Release|Any CPU.Build.0 = Release|Any CPU
		{68276189-8E34-4EA0-9F5E-2529FADCED9A}.Debug|Any CPU.ActiveCfg = Debug|Any CPU
		{68276189-8E34-4EA0-9F5E-2529FADCED9A}.Debug|Any CPU.Build.0 = Debug|Any CPU
		{68276189-8E34-4EA0-9F5E-2529FADCED9A}.Release|Any CPU.ActiveCfg = Release|Any CPU
		{68276189-8E34-4EA0-9F5E-2529FADCED9A}.Release|Any CPU.Build.0 = Release|Any CPU
		{1721DEA4-492D-46D8-8E6C-5866DB0274CC}.Debug|Any CPU.ActiveCfg = Debug|Any CPU
		{1721DEA4-492D-46D8-8E6C-5866DB0274CC}.Debug|Any CPU.Build.0 = Debug|Any CPU
		{1721DEA4-492D-46D8-8E6C-5866DB0274CC}.Release|Any CPU.ActiveCfg = Release|Any CPU
		{1721DEA4-492D-46D8-8E6C-5866DB0274CC}.Release|Any CPU.Build.0 = Release|Any CPU
		{1758A66B-151F-4CD3-A849-E6B2297AC1E7}.Debug|Any CPU.ActiveCfg = Debug|Any CPU
		{1758A66B-151F-4CD3-A849-E6B2297AC1E7}.Debug|Any CPU.Build.0 = Debug|Any CPU
		{1758A66B-151F-4CD3-A849-E6B2297AC1E7}.Release|Any CPU.ActiveCfg = Release|Any CPU
		{1758A66B-151F-4CD3-A849-E6B2297AC1E7}.Release|Any CPU.Build.0 = Release|Any CPU
		{FFF80805-6CAB-4D8D-9FB8-1B51A0288CD3}.Debug|Any CPU.ActiveCfg = Debug|Any CPU
		{FFF80805-6CAB-4D8D-9FB8-1B51A0288CD3}.Debug|Any CPU.Build.0 = Debug|Any CPU
		{FFF80805-6CAB-4D8D-9FB8-1B51A0288CD3}.Release|Any CPU.ActiveCfg = Release|Any CPU
		{FFF80805-6CAB-4D8D-9FB8-1B51A0288CD3}.Release|Any CPU.Build.0 = Release|Any CPU
		{83AB1D8C-3CBA-49AE-A0CF-6DCF178BE0D2}.Debug|Any CPU.ActiveCfg = Debug|Any CPU
		{83AB1D8C-3CBA-49AE-A0CF-6DCF178BE0D2}.Debug|Any CPU.Build.0 = Debug|Any CPU
		{83AB1D8C-3CBA-49AE-A0CF-6DCF178BE0D2}.Release|Any CPU.ActiveCfg = Release|Any CPU
		{83AB1D8C-3CBA-49AE-A0CF-6DCF178BE0D2}.Release|Any CPU.Build.0 = Release|Any CPU
		{1B10807F-2411-4FE0-A51E-A54579623A3D}.Debug|Any CPU.ActiveCfg = Debug|Any CPU
		{1B10807F-2411-4FE0-A51E-A54579623A3D}.Debug|Any CPU.Build.0 = Debug|Any CPU
		{1B10807F-2411-4FE0-A51E-A54579623A3D}.Release|Any CPU.ActiveCfg = Release|Any CPU
		{1B10807F-2411-4FE0-A51E-A54579623A3D}.Release|Any CPU.Build.0 = Release|Any CPU
		{66C19DC4-4CEE-4D80-A7D3-919305CDA663}.Debug|Any CPU.ActiveCfg = Debug|Any CPU
		{66C19DC4-4CEE-4D80-A7D3-919305CDA663}.Debug|Any CPU.Build.0 = Debug|Any CPU
		{66C19DC4-4CEE-4D80-A7D3-919305CDA663}.Release|Any CPU.ActiveCfg = Release|Any CPU
		{66C19DC4-4CEE-4D80-A7D3-919305CDA663}.Release|Any CPU.Build.0 = Release|Any CPU
		{F756059B-424A-486B-BEB7-299C497AA209}.Debug|Any CPU.ActiveCfg = Debug|Any CPU
		{F756059B-424A-486B-BEB7-299C497AA209}.Debug|Any CPU.Build.0 = Debug|Any CPU
		{F756059B-424A-486B-BEB7-299C497AA209}.Release|Any CPU.ActiveCfg = Release|Any CPU
		{F756059B-424A-486B-BEB7-299C497AA209}.Release|Any CPU.Build.0 = Release|Any CPU
		{2530ED59-2D1E-4C14-8C86-E2E3A3C38719}.Debug|Any CPU.ActiveCfg = Debug|Any CPU
		{2530ED59-2D1E-4C14-8C86-E2E3A3C38719}.Debug|Any CPU.Build.0 = Debug|Any CPU
		{2530ED59-2D1E-4C14-8C86-E2E3A3C38719}.Release|Any CPU.ActiveCfg = Release|Any CPU
		{2530ED59-2D1E-4C14-8C86-E2E3A3C38719}.Release|Any CPU.Build.0 = Release|Any CPU
		{5443782B-85A3-49E3-AE78-796FC9A94D7F}.Debug|Any CPU.ActiveCfg = Debug|Any CPU
		{5443782B-85A3-49E3-AE78-796FC9A94D7F}.Debug|Any CPU.Build.0 = Debug|Any CPU
		{5443782B-85A3-49E3-AE78-796FC9A94D7F}.Release|Any CPU.ActiveCfg = Release|Any CPU
		{5443782B-85A3-49E3-AE78-796FC9A94D7F}.Release|Any CPU.Build.0 = Release|Any CPU
		{854E58ED-9D6F-442A-821B-A270551D63F6}.Debug|Any CPU.ActiveCfg = Debug|Any CPU
		{854E58ED-9D6F-442A-821B-A270551D63F6}.Debug|Any CPU.Build.0 = Debug|Any CPU
		{854E58ED-9D6F-442A-821B-A270551D63F6}.Release|Any CPU.ActiveCfg = Release|Any CPU
		{854E58ED-9D6F-442A-821B-A270551D63F6}.Release|Any CPU.Build.0 = Release|Any CPU
		{F4CD53A1-3B03-4880-9D96-6E12F7659522}.Debug|Any CPU.ActiveCfg = Debug|Any CPU
		{F4CD53A1-3B03-4880-9D96-6E12F7659522}.Debug|Any CPU.Build.0 = Debug|Any CPU
		{F4CD53A1-3B03-4880-9D96-6E12F7659522}.Release|Any CPU.ActiveCfg = Release|Any CPU
		{F4CD53A1-3B03-4880-9D96-6E12F7659522}.Release|Any CPU.Build.0 = Release|Any CPU
		{F4B47D3A-BE2E-47F3-B9E4-DA846D0F34EB}.Debug|Any CPU.ActiveCfg = Debug|Any CPU
		{F4B47D3A-BE2E-47F3-B9E4-DA846D0F34EB}.Debug|Any CPU.Build.0 = Debug|Any CPU
		{F4B47D3A-BE2E-47F3-B9E4-DA846D0F34EB}.Release|Any CPU.ActiveCfg = Release|Any CPU
		{F4B47D3A-BE2E-47F3-B9E4-DA846D0F34EB}.Release|Any CPU.Build.0 = Release|Any CPU
		{F42C7EF6-FD0E-4D1A-BDA3-8FBB9BEC6EDC}.Debug|Any CPU.ActiveCfg = Debug|Any CPU
		{F42C7EF6-FD0E-4D1A-BDA3-8FBB9BEC6EDC}.Debug|Any CPU.Build.0 = Debug|Any CPU
		{F42C7EF6-FD0E-4D1A-BDA3-8FBB9BEC6EDC}.Release|Any CPU.ActiveCfg = Release|Any CPU
		{F42C7EF6-FD0E-4D1A-BDA3-8FBB9BEC6EDC}.Release|Any CPU.Build.0 = Release|Any CPU
		{E0C08410-56B4-4DA8-B104-9B343EA0700C}.Debug|Any CPU.ActiveCfg = Debug|Any CPU
		{E0C08410-56B4-4DA8-B104-9B343EA0700C}.Debug|Any CPU.Build.0 = Debug|Any CPU
		{E0C08410-56B4-4DA8-B104-9B343EA0700C}.Release|Any CPU.ActiveCfg = Release|Any CPU
		{E0C08410-56B4-4DA8-B104-9B343EA0700C}.Release|Any CPU.Build.0 = Release|Any CPU
		{B67C31C1-F6D3-4504-9690-7DB7087EC702}.Debug|Any CPU.ActiveCfg = Debug|Any CPU
		{B67C31C1-F6D3-4504-9690-7DB7087EC702}.Debug|Any CPU.Build.0 = Debug|Any CPU
		{B67C31C1-F6D3-4504-9690-7DB7087EC702}.Release|Any CPU.ActiveCfg = Release|Any CPU
		{B67C31C1-F6D3-4504-9690-7DB7087EC702}.Release|Any CPU.Build.0 = Release|Any CPU
		{A04105B3-6B1D-4F8D-9FCF-40A9F774F60E}.Debug|Any CPU.ActiveCfg = Debug|Any CPU
		{A04105B3-6B1D-4F8D-9FCF-40A9F774F60E}.Debug|Any CPU.Build.0 = Debug|Any CPU
		{A04105B3-6B1D-4F8D-9FCF-40A9F774F60E}.Release|Any CPU.ActiveCfg = Release|Any CPU
		{A04105B3-6B1D-4F8D-9FCF-40A9F774F60E}.Release|Any CPU.Build.0 = Release|Any CPU
		{2FD47FDB-708C-436A-B5D1-520AFE77242F}.Debug|Any CPU.ActiveCfg = Debug|Any CPU
		{2FD47FDB-708C-436A-B5D1-520AFE77242F}.Debug|Any CPU.Build.0 = Debug|Any CPU
		{2FD47FDB-708C-436A-B5D1-520AFE77242F}.Release|Any CPU.ActiveCfg = Release|Any CPU
		{2FD47FDB-708C-436A-B5D1-520AFE77242F}.Release|Any CPU.Build.0 = Release|Any CPU
		{4ACC49F3-BBFC-48BD-A691-A05249C9F595}.Debug|Any CPU.ActiveCfg = Debug|Any CPU
		{4ACC49F3-BBFC-48BD-A691-A05249C9F595}.Debug|Any CPU.Build.0 = Debug|Any CPU
		{4ACC49F3-BBFC-48BD-A691-A05249C9F595}.Release|Any CPU.ActiveCfg = Release|Any CPU
		{4ACC49F3-BBFC-48BD-A691-A05249C9F595}.Release|Any CPU.Build.0 = Release|Any CPU
		{D55F37F7-3F1E-4B92-93D2-C07C7C15BB09}.Debug|Any CPU.ActiveCfg = Debug|Any CPU
		{D55F37F7-3F1E-4B92-93D2-C07C7C15BB09}.Debug|Any CPU.Build.0 = Debug|Any CPU
		{D55F37F7-3F1E-4B92-93D2-C07C7C15BB09}.Release|Any CPU.ActiveCfg = Release|Any CPU
		{D55F37F7-3F1E-4B92-93D2-C07C7C15BB09}.Release|Any CPU.Build.0 = Release|Any CPU
		{36C23FB5-5AFB-437E-8D93-D3CCCCA88AF1}.Debug|Any CPU.ActiveCfg = Debug|Any CPU
		{36C23FB5-5AFB-437E-8D93-D3CCCCA88AF1}.Debug|Any CPU.Build.0 = Debug|Any CPU
		{36C23FB5-5AFB-437E-8D93-D3CCCCA88AF1}.Release|Any CPU.ActiveCfg = Release|Any CPU
		{36C23FB5-5AFB-437E-8D93-D3CCCCA88AF1}.Release|Any CPU.Build.0 = Release|Any CPU
		{1C1932C9-7198-4B40-9408-9B95B29C8568}.Debug|Any CPU.ActiveCfg = Debug|Any CPU
		{1C1932C9-7198-4B40-9408-9B95B29C8568}.Debug|Any CPU.Build.0 = Debug|Any CPU
		{1C1932C9-7198-4B40-9408-9B95B29C8568}.Release|Any CPU.ActiveCfg = Release|Any CPU
		{1C1932C9-7198-4B40-9408-9B95B29C8568}.Release|Any CPU.Build.0 = Release|Any CPU
		{958E179C-5971-4ED5-AF31-E31255E60B2F}.Debug|Any CPU.ActiveCfg = Debug|Any CPU
		{958E179C-5971-4ED5-AF31-E31255E60B2F}.Debug|Any CPU.Build.0 = Debug|Any CPU
		{958E179C-5971-4ED5-AF31-E31255E60B2F}.Release|Any CPU.ActiveCfg = Release|Any CPU
		{958E179C-5971-4ED5-AF31-E31255E60B2F}.Release|Any CPU.Build.0 = Release|Any CPU
		{312F1144-8CFD-4F8D-9FB5-B4EE9506C775}.Debug|Any CPU.ActiveCfg = Debug|Any CPU
		{312F1144-8CFD-4F8D-9FB5-B4EE9506C775}.Debug|Any CPU.Build.0 = Debug|Any CPU
		{312F1144-8CFD-4F8D-9FB5-B4EE9506C775}.Release|Any CPU.ActiveCfg = Release|Any CPU
		{312F1144-8CFD-4F8D-9FB5-B4EE9506C775}.Release|Any CPU.Build.0 = Release|Any CPU
		{3330F2AF-A333-4974-B196-B5D5AC060726}.Debug|Any CPU.ActiveCfg = Debug|Any CPU
		{3330F2AF-A333-4974-B196-B5D5AC060726}.Debug|Any CPU.Build.0 = Debug|Any CPU
		{3330F2AF-A333-4974-B196-B5D5AC060726}.Release|Any CPU.ActiveCfg = Release|Any CPU
		{3330F2AF-A333-4974-B196-B5D5AC060726}.Release|Any CPU.Build.0 = Release|Any CPU
		{C80C4D06-C698-4290-8C00-344E09484EAF}.Debug|Any CPU.ActiveCfg = Debug|Any CPU
		{C80C4D06-C698-4290-8C00-344E09484EAF}.Debug|Any CPU.Build.0 = Debug|Any CPU
		{C80C4D06-C698-4290-8C00-344E09484EAF}.Release|Any CPU.ActiveCfg = Release|Any CPU
		{C80C4D06-C698-4290-8C00-344E09484EAF}.Release|Any CPU.Build.0 = Release|Any CPU
		{4B5AF480-A1B7-4583-888E-D4412449B44E}.Debug|Any CPU.ActiveCfg = Debug|Any CPU
		{4B5AF480-A1B7-4583-888E-D4412449B44E}.Debug|Any CPU.Build.0 = Debug|Any CPU
		{4B5AF480-A1B7-4583-888E-D4412449B44E}.Release|Any CPU.ActiveCfg = Release|Any CPU
		{4B5AF480-A1B7-4583-888E-D4412449B44E}.Release|Any CPU.Build.0 = Release|Any CPU
	EndGlobalSection
	GlobalSection(SolutionProperties) = preSolution
		HideSolutionNode = FALSE
	EndGlobalSection
	GlobalSection(NestedProjects) = preSolution
		{5A29081C-A8B8-4BF5-9C4C-493FBA39D3B8} = {4FC3C690-390F-4839-9F93-3B014C71CD5A}
		{A3E71FC7-E735-4E8E-8152-FAD743C0830D} = {4FC3C690-390F-4839-9F93-3B014C71CD5A}
		{7AD4CCFC-B5F1-4A71-93B6-D746086CFCE6} = {4FC3C690-390F-4839-9F93-3B014C71CD5A}
		{215942BF-B4C8-47CC-BFF2-E8D0FE86E393} = {4FC3C690-390F-4839-9F93-3B014C71CD5A}
		{DC9AD9A8-57DA-4BAD-8634-E829D805B8ED} = {4FC3C690-390F-4839-9F93-3B014C71CD5A}
		{78664A6E-EE8F-4384-BA4A-EBC4C43C5B3E} = {4FC3C690-390F-4839-9F93-3B014C71CD5A}
		{0003D952-0498-4176-9223-96C5AFD61E41} = {4FC3C690-390F-4839-9F93-3B014C71CD5A}
		{20E21730-4408-4155-8B8A-6A7EA0DFD371} = {4FC3C690-390F-4839-9F93-3B014C71CD5A}
		{68276189-8E34-4EA0-9F5E-2529FADCED9A} = {4FC3C690-390F-4839-9F93-3B014C71CD5A}
		{1721DEA4-492D-46D8-8E6C-5866DB0274CC} = {4FC3C690-390F-4839-9F93-3B014C71CD5A}
		{1758A66B-151F-4CD3-A849-E6B2297AC1E7} = {4FC3C690-390F-4839-9F93-3B014C71CD5A}
		{FFF80805-6CAB-4D8D-9FB8-1B51A0288CD3} = {4FC3C690-390F-4839-9F93-3B014C71CD5A}
		{83AB1D8C-3CBA-49AE-A0CF-6DCF178BE0D2} = {4FC3C690-390F-4839-9F93-3B014C71CD5A}
		{1B10807F-2411-4FE0-A51E-A54579623A3D} = {A46B61A9-B246-4038-B17F-BFF64F1418A3}
		{66C19DC4-4CEE-4D80-A7D3-919305CDA663} = {A46B61A9-B246-4038-B17F-BFF64F1418A3}
		{F756059B-424A-486B-BEB7-299C497AA209} = {A46B61A9-B246-4038-B17F-BFF64F1418A3}
		{2530ED59-2D1E-4C14-8C86-E2E3A3C38719} = {A46B61A9-B246-4038-B17F-BFF64F1418A3}
		{5443782B-85A3-49E3-AE78-796FC9A94D7F} = {A46B61A9-B246-4038-B17F-BFF64F1418A3}
		{854E58ED-9D6F-442A-821B-A270551D63F6} = {A46B61A9-B246-4038-B17F-BFF64F1418A3}
		{F4CD53A1-3B03-4880-9D96-6E12F7659522} = {A46B61A9-B246-4038-B17F-BFF64F1418A3}
		{F4B47D3A-BE2E-47F3-B9E4-DA846D0F34EB} = {A46B61A9-B246-4038-B17F-BFF64F1418A3}
		{F42C7EF6-FD0E-4D1A-BDA3-8FBB9BEC6EDC} = {C0ABCE8C-09F9-4DE8-B1DE-2BBB9C3907AB}
		{E0C08410-56B4-4DA8-B104-9B343EA0700C} = {C0ABCE8C-09F9-4DE8-B1DE-2BBB9C3907AB}
		{B67C31C1-F6D3-4504-9690-7DB7087EC702} = {C0ABCE8C-09F9-4DE8-B1DE-2BBB9C3907AB}
		{A04105B3-6B1D-4F8D-9FCF-40A9F774F60E} = {C0ABCE8C-09F9-4DE8-B1DE-2BBB9C3907AB}
		{2FD47FDB-708C-436A-B5D1-520AFE77242F} = {C0ABCE8C-09F9-4DE8-B1DE-2BBB9C3907AB}
		{4ACC49F3-BBFC-48BD-A691-A05249C9F595} = {A3E477C3-DEFD-4D37-90A6-DC419968304B}
		{D55F37F7-3F1E-4B92-93D2-C07C7C15BB09} = {A3E477C3-DEFD-4D37-90A6-DC419968304B}
		{36C23FB5-5AFB-437E-8D93-D3CCCCA88AF1} = {A3E477C3-DEFD-4D37-90A6-DC419968304B}
		{1C1932C9-7198-4B40-9408-9B95B29C8568} = {A3E477C3-DEFD-4D37-90A6-DC419968304B}
		{958E179C-5971-4ED5-AF31-E31255E60B2F} = {A3E477C3-DEFD-4D37-90A6-DC419968304B}
		{312F1144-8CFD-4F8D-9FB5-B4EE9506C775} = {A3E477C3-DEFD-4D37-90A6-DC419968304B}
		{3330F2AF-A333-4974-B196-B5D5AC060726} = {A3E477C3-DEFD-4D37-90A6-DC419968304B}
		{C80C4D06-C698-4290-8C00-344E09484EAF} = {A3E477C3-DEFD-4D37-90A6-DC419968304B}
		{4B5AF480-A1B7-4583-888E-D4412449B44E} = {A3E477C3-DEFD-4D37-90A6-DC419968304B}
	EndGlobalSection
	GlobalSection(ExtensibilityGlobals) = postSolution
		SolutionGuid = {DC0E220A-7F05-4390-AD0F-86CE05A5E8DA}
	EndGlobalSection
EndGlobal
